
Microsoft Visual Studio Solution File, Format Version 12.00
Project("{FAE04EC0-301F-11D3-BF4B-00C04F79EFBC}") = "ServiceBusAdmin", "ServiceBusAdmin\ServiceBusAdmin.csproj", "{A65BEF4A-3E34-4158-A1F2-BEB219563F88}"
EndProject
Global
	GlobalSection(SolutionConfigurationPlatforms) = preSolution
		Debug|Any CPU = Debug|Any CPU
		Release|Any CPU = Release|Any CPU
	EndGlobalSection
	GlobalSection(ProjectConfigurationPlatforms) = postSolution
		{A65BEF4A-3E34-4158-A1F2-BEB219563F88}.Debug|Any CPU.ActiveCfg = Debug|Any CPU
		{A65BEF4A-3E34-4158-A1F2-BEB219563F88}.Debug|Any CPU.Build.0 = Debug|Any CPU
		{A65BEF4A-3E34-4158-A1F2-BEB219563F88}.Release|Any CPU.ActiveCfg = Release|Any CPU
		{A65BEF4A-3E34-4158-A1F2-BEB219563F88}.Release|Any CPU.Build.0 = Release|Any CPU
	EndGlobalSection
EndGlobal
